
Microsoft Visual Studio Solution File, Format Version 12.00
# Visual Studio 15
VisualStudioVersion = 15.0.28010.2036
MinimumVisualStudioVersion = 10.0.40219.1
Project("{FAE04EC0-301F-11D3-BF4B-00C04F79EFBC}") = "GestionTickets", "GestionTickets\GestionTickets.csproj", "{883CB75A-7459-409E-9040-9D7B4411E524}"
EndProject
Global
	GlobalSection(SolutionConfigurationPlatforms) = preSolution
		Debug|Any CPU = Debug|Any CPU
		Release|Any CPU = Release|Any CPU
	EndGlobalSection
	GlobalSection(ProjectConfigurationPlatforms) = postSolution
		{883CB75A-7459-409E-9040-9D7B4411E524}.Debug|Any CPU.ActiveCfg = Debug|Any CPU
		{883CB75A-7459-409E-9040-9D7B4411E524}.Debug|Any CPU.Build.0 = Debug|Any CPU
		{883CB75A-7459-409E-9040-9D7B4411E524}.Release|Any CPU.ActiveCfg = Release|Any CPU
		{883CB75A-7459-409E-9040-9D7B4411E524}.Release|Any CPU.Build.0 = Release|Any CPU
	EndGlobalSection
	GlobalSection(SolutionProperties) = preSolution
		HideSolutionNode = FALSE
	EndGlobalSection
	GlobalSection(ExtensibilityGlobals) = postSolution
		SolutionGuid = {CF71BAA5-539B-46B5-8601-C5C6EDA52A8A}
	EndGlobalSection
EndGlobal
